
Microsoft Visual Studio Solution File, Format Version 12.00
# Visual Studio Version 16
VisualStudioVersion = 25.0.1703.3
MinimumVisualStudioVersion = 10.0.40219.1
Project("{FAE04EC0-301F-11D3-BF4B-00C04F79EFBC}") = "TorchLightDocumentation", "TorchLightDocumentation\TorchLightDocumentation.csproj", "{7061E72A-10AF-465F-BD4F-BD7468EACD4C}"
EndProject
Global
	GlobalSection(SolutionConfigurationPlatforms) = preSolution
		Debug|Any CPU = Debug|Any CPU
		Release|Any CPU = Release|Any CPU
	EndGlobalSection
	GlobalSection(ProjectConfigurationPlatforms) = postSolution
		{7061E72A-10AF-465F-BD4F-BD7468EACD4C}.Debug|Any CPU.ActiveCfg = Debug|Any CPU
		{7061E72A-10AF-465F-BD4F-BD7468EACD4C}.Debug|Any CPU.Build.0 = Debug|Any CPU
		{7061E72A-10AF-465F-BD4F-BD7468EACD4C}.Release|Any CPU.ActiveCfg = Release|Any CPU
		{7061E72A-10AF-465F-BD4F-BD7468EACD4C}.Release|Any CPU.Build.0 = Release|Any CPU
	EndGlobalSection
	GlobalSection(SolutionProperties) = preSolution
		HideSolutionNode = FALSE
	EndGlobalSection
	GlobalSection(ExtensibilityGlobals) = postSolution
		SolutionGuid = {AD7D7A64-BC89-4AB0-9609-9D9B78126817}
	EndGlobalSection
EndGlobal
